
Microsoft Visual Studio Solution File, Format Version 12.00
# Visual Studio 15
VisualStudioVersion = 15.0.28010.2050
MinimumVisualStudioVersion = 10.0.40219.1
Project("{FAE04EC0-301F-11D3-BF4B-00C04F79EFBC}") = "MyManga", "MyManga\MyManga.csproj", "{EDCDD773-F4F0-4790-924B-9A9A337276C6}"
EndProject
Global
	GlobalSection(SolutionConfigurationPlatforms) = preSolution
		Debug|Any CPU = Debug|Any CPU
		Release|Any CPU = Release|Any CPU
	EndGlobalSection
	GlobalSection(ProjectConfigurationPlatforms) = postSolution
		{EDCDD773-F4F0-4790-924B-9A9A337276C6}.Debug|Any CPU.ActiveCfg = Debug|Any CPU
		{EDCDD773-F4F0-4790-924B-9A9A337276C6}.Debug|Any CPU.Build.0 = Debug|Any CPU
		{EDCDD773-F4F0-4790-924B-9A9A337276C6}.Release|Any CPU.ActiveCfg = Release|Any CPU
		{EDCDD773-F4F0-4790-924B-9A9A337276C6}.Release|Any CPU.Build.0 = Release|Any CPU
	EndGlobalSection
	GlobalSection(SolutionProperties) = preSolution
		HideSolutionNode = FALSE
	EndGlobalSection
	GlobalSection(ExtensibilityGlobals) = postSolution
		SolutionGuid = {0B14E9C2-DEEE-429F-A915-36D37BA6DC70}
	EndGlobalSection
EndGlobal
